
Microsoft Visual Studio Solution File, Format Version 12.00
# Visual Studio 15
VisualStudioVersion = 15.0.27520.0
MinimumVisualStudioVersion = 10.0.40219.1
Project("{9092AA53-FB77-4645-B42D-1CCCA6BD08BD}") = "statsbot", "statsbot\statsbot.njsproj", "{6B5E21C1-E474-47DB-9161-169B6C2042C9}"
EndProject
Project("{9092AA53-FB77-4645-B42D-1CCCA6BD08BD}") = "logbot", "logbot\logbot.njsproj", "{F56BB2C8-4497-4E2C-98D3-33A3E3648E9E}"
EndProject
Project("{9092AA53-FB77-4645-B42D-1CCCA6BD08BD}") = "balancebot", "balancebot\balancebot.njsproj", "{C719B58F-A8D0-4A22-AB3D-A2C92E1A0258}"
EndProject
Project("{9092AA53-FB77-4645-B42D-1CCCA6BD08BD}") = "statsbot-ts", "statsbot-ts\statsbot-ts.njsproj", "{EBCAAF9E-87BD-4A68-9D61-26E3CFA52ED5}"
EndProject
Global
	GlobalSection(SolutionConfigurationPlatforms) = preSolution
		Debug|Any CPU = Debug|Any CPU
		Release|Any CPU = Release|Any CPU
	EndGlobalSection
	GlobalSection(ProjectConfigurationPlatforms) = postSolution
		{6B5E21C1-E474-47DB-9161-169B6C2042C9}.Debug|Any CPU.ActiveCfg = Debug|Any CPU
		{6B5E21C1-E474-47DB-9161-169B6C2042C9}.Debug|Any CPU.Build.0 = Debug|Any CPU
		{6B5E21C1-E474-47DB-9161-169B6C2042C9}.Release|Any CPU.ActiveCfg = Release|Any CPU
		{6B5E21C1-E474-47DB-9161-169B6C2042C9}.Release|Any CPU.Build.0 = Release|Any CPU
		{F56BB2C8-4497-4E2C-98D3-33A3E3648E9E}.Debug|Any CPU.ActiveCfg = Debug|Any CPU
		{F56BB2C8-4497-4E2C-98D3-33A3E3648E9E}.Debug|Any CPU.Build.0 = Debug|Any CPU
		{F56BB2C8-4497-4E2C-98D3-33A3E3648E9E}.Release|Any CPU.ActiveCfg = Release|Any CPU
		{F56BB2C8-4497-4E2C-98D3-33A3E3648E9E}.Release|Any CPU.Build.0 = Release|Any CPU
		{C719B58F-A8D0-4A22-AB3D-A2C92E1A0258}.Debug|Any CPU.ActiveCfg = Debug|Any CPU
		{C719B58F-A8D0-4A22-AB3D-A2C92E1A0258}.Debug|Any CPU.Build.0 = Debug|Any CPU
		{C719B58F-A8D0-4A22-AB3D-A2C92E1A0258}.Release|Any CPU.ActiveCfg = Release|Any CPU
		{C719B58F-A8D0-4A22-AB3D-A2C92E1A0258}.Release|Any CPU.Build.0 = Release|Any CPU
		{EBCAAF9E-87BD-4A68-9D61-26E3CFA52ED5}.Debug|Any CPU.ActiveCfg = Debug|Any CPU
		{EBCAAF9E-87BD-4A68-9D61-26E3CFA52ED5}.Debug|Any CPU.Build.0 = Debug|Any CPU
		{EBCAAF9E-87BD-4A68-9D61-26E3CFA52ED5}.Release|Any CPU.ActiveCfg = Release|Any CPU
		{EBCAAF9E-87BD-4A68-9D61-26E3CFA52ED5}.Release|Any CPU.Build.0 = Release|Any CPU
	EndGlobalSection
	GlobalSection(SolutionProperties) = preSolution
		HideSolutionNode = FALSE
	EndGlobalSection
	GlobalSection(ExtensibilityGlobals) = postSolution
		SolutionGuid = {61EB9D7A-F6F6-435C-8E0E-FA3C20E316F4}
	EndGlobalSection
EndGlobal
